// !$*UTF8*$!
{
	archiveVersion = 1;
	classes = {
	};
	objectVersion = 56;
	objects = {

/* Begin PBXBuildFile section */
		ABF88CD12ABB7411006B0459 /* MoviesWikiApp.swift in Sources */ = {isa = PBXBuildFile; fileRef = ABF88CD02ABB7411006B0459 /* MoviesWikiApp.swift */; };
		ABF88CD52ABB7412006B0459 /* Assets.xcassets in Resources */ = {isa = PBXBuildFile; fileRef = ABF88CD42ABB7412006B0459 /* Assets.xcassets */; };
		ABF88CD82ABB7412006B0459 /* Preview Assets.xcassets in Resources */ = {isa = PBXBuildFile; fileRef = ABF88CD72ABB7412006B0459 /* Preview Assets.xcassets */; };
		ABF88CE22ABB7412006B0459 /* MoviesWikiTests.swift in Sources */ = {isa = PBXBuildFile; fileRef = ABF88CE12ABB7412006B0459 /* MoviesWikiTests.swift */; };
		ABF88CFC2ABB751D006B0459 /* RequestType.swift in Sources */ = {isa = PBXBuildFile; fileRef = ABF88CFB2ABB751D006B0459 /* RequestType.swift */; };
		ABF88CFE2ABB7536006B0459 /* RequestError.swift in Sources */ = {isa = PBXBuildFile; fileRef = ABF88CFD2ABB7536006B0459 /* RequestError.swift */; };
		ABF88D002ABB753F006B0459 /* HTTPMethod.swift in Sources */ = {isa = PBXBuildFile; fileRef = ABF88CFF2ABB753F006B0459 /* HTTPMethod.swift */; };
		ABF88D022ABB754B006B0459 /* NetworkingProvider.swift in Sources */ = {isa = PBXBuildFile; fileRef = ABF88D012ABB754B006B0459 /* NetworkingProvider.swift */; };
		ABF88D042ABB7554006B0459 /* ConcreteNetworkingProvider.swift in Sources */ = {isa = PBXBuildFile; fileRef = ABF88D032ABB7554006B0459 /* ConcreteNetworkingProvider.swift */; };
		ABF88D072ABB7590006B0459 /* HTTPMethodTests.swift in Sources */ = {isa = PBXBuildFile; fileRef = ABF88D062ABB7590006B0459 /* HTTPMethodTests.swift */; };
		ABF88D092ABB75A5006B0459 /* RequestErrorTests.swift in Sources */ = {isa = PBXBuildFile; fileRef = ABF88D082ABB75A5006B0459 /* RequestErrorTests.swift */; };
		ABF88D0C2ABB762D006B0459 /* Constants.swift in Sources */ = {isa = PBXBuildFile; fileRef = ABF88D0B2ABB762D006B0459 /* Constants.swift */; };
		ABF88D4B2AC0D3B9006B0459 /* ErrorResponse.swift in Sources */ = {isa = PBXBuildFile; fileRef = ABF88D4A2AC0D3B9006B0459 /* ErrorResponse.swift */; };
		ABF88D502AC0D55A006B0459 /* PopularMoviesRepository.swift in Sources */ = {isa = PBXBuildFile; fileRef = ABF88D4F2AC0D55A006B0459 /* PopularMoviesRepository.swift */; };
		ABF88D532AC0D5A9006B0459 /* MovieModel.swift in Sources */ = {isa = PBXBuildFile; fileRef = ABF88D522AC0D5A9006B0459 /* MovieModel.swift */; };
		ABF88D552AC0D6D6006B0459 /* MoviePaginationModel.swift in Sources */ = {isa = PBXBuildFile; fileRef = ABF88D542AC0D6D6006B0459 /* MoviePaginationModel.swift */; };
		ABF88D572AC0D720006B0459 /* ConcretePopularMoviesRepository.swift in Sources */ = {isa = PBXBuildFile; fileRef = ABF88D562AC0D720006B0459 /* ConcretePopularMoviesRepository.swift */; };
		ABF88D5A2AC0D785006B0459 /* RequestAPIModel.swift in Sources */ = {isa = PBXBuildFile; fileRef = ABF88D592AC0D785006B0459 /* RequestAPIModel.swift */; };
		ABF88D5C2AC0D7E8006B0459 /* RequestAPIModel+Movie.swift in Sources */ = {isa = PBXBuildFile; fileRef = ABF88D5B2AC0D7E8006B0459 /* RequestAPIModel+Movie.swift */; };
		ABF88D5F2AC0D99B006B0459 /* PopularMoviesViewModel.swift in Sources */ = {isa = PBXBuildFile; fileRef = ABF88D5E2AC0D99B006B0459 /* PopularMoviesViewModel.swift */; };
		ABF88D642AC0DA47006B0459 /* PopularMoviesList.swift in Sources */ = {isa = PBXBuildFile; fileRef = ABF88D612AC0DA47006B0459 /* PopularMoviesList.swift */; };
		ABF88D652AC0DA47006B0459 /* PopularMoviesScreen.swift in Sources */ = {isa = PBXBuildFile; fileRef = ABF88D622AC0DA47006B0459 /* PopularMoviesScreen.swift */; };
		ABF88D662AC0DA47006B0459 /* PopularMovieRow.swift in Sources */ = {isa = PBXBuildFile; fileRef = ABF88D632AC0DA47006B0459 /* PopularMovieRow.swift */; };
		ABF88D6A2AC0DAF2006B0459 /* Helper+Models.swift in Sources */ = {isa = PBXBuildFile; fileRef = ABF88D682AC0DAF2006B0459 /* Helper+Models.swift */; };
		ABF88D6B2AC0DAF2006B0459 /* Helper.swift in Sources */ = {isa = PBXBuildFile; fileRef = ABF88D692AC0DAF2006B0459 /* Helper.swift */; };
		ABF88D6F2AC0DC3F006B0459 /* ProgressPieView.swift in Sources */ = {isa = PBXBuildFile; fileRef = ABF88D6E2AC0DC3F006B0459 /* ProgressPieView.swift */; };
		ABF88D722AC0DCBD006B0459 /* ShadowModifier.swift in Sources */ = {isa = PBXBuildFile; fileRef = ABF88D712AC0DCBD006B0459 /* ShadowModifier.swift */; };
		ABF88D802AC0EBDA006B0459 /* DetailImagesModel.swift in Sources */ = {isa = PBXBuildFile; fileRef = ABF88D762AC0EBDA006B0459 /* DetailImagesModel.swift */; };
		ABF88D812AC0EBDA006B0459 /* MovieBackdropModel.swift in Sources */ = {isa = PBXBuildFile; fileRef = ABF88D772AC0EBDA006B0459 /* MovieBackdropModel.swift */; };
		ABF88D822AC0EBDA006B0459 /* DetailVideosModel.swift in Sources */ = {isa = PBXBuildFile; fileRef = ABF88D782AC0EBDA006B0459 /* DetailVideosModel.swift */; };
		ABF88D832AC0EBDA006B0459 /* DetailResultModel.swift in Sources */ = {isa = PBXBuildFile; fileRef = ABF88D792AC0EBDA006B0459 /* DetailResultModel.swift */; };
		ABF88D842AC0EBDA006B0459 /* ProductionCompanyModel.swift in Sources */ = {isa = PBXBuildFile; fileRef = ABF88D7A2AC0EBDA006B0459 /* ProductionCompanyModel.swift */; };
		ABF88D852AC0EBDA006B0459 /* SpokenLanguageModel.swift in Sources */ = {isa = PBXBuildFile; fileRef = ABF88D7B2AC0EBDA006B0459 /* SpokenLanguageModel.swift */; };
		ABF88D862AC0EBDA006B0459 /* ProductionCountryModel.swift in Sources */ = {isa = PBXBuildFile; fileRef = ABF88D7C2AC0EBDA006B0459 /* ProductionCountryModel.swift */; };
		ABF88D872AC0EBDA006B0459 /* MovieDetailModel.swift in Sources */ = {isa = PBXBuildFile; fileRef = ABF88D7D2AC0EBDA006B0459 /* MovieDetailModel.swift */; };
		ABF88D882AC0EBDA006B0459 /* BelongsToCollectionModel.swift in Sources */ = {isa = PBXBuildFile; fileRef = ABF88D7E2AC0EBDA006B0459 /* BelongsToCollectionModel.swift */; };
		ABF88D892AC0EBDA006B0459 /* GenreModel.swift in Sources */ = {isa = PBXBuildFile; fileRef = ABF88D7F2AC0EBDA006B0459 /* GenreModel.swift */; };
		ABF88D8C2AC0EC08006B0459 /* ConcreteMovieDetailRepository.swift in Sources */ = {isa = PBXBuildFile; fileRef = ABF88D8B2AC0EC08006B0459 /* ConcreteMovieDetailRepository.swift */; };
		ABF88D8E2AC0EC5C006B0459 /* MovieDetailRepository.swift in Sources */ = {isa = PBXBuildFile; fileRef = ABF88D8D2AC0EC5C006B0459 /* MovieDetailRepository.swift */; };
		ABF88D912AC0ED86006B0459 /* MovieDetailViewModel.swift in Sources */ = {isa = PBXBuildFile; fileRef = ABF88D902AC0ED86006B0459 /* MovieDetailViewModel.swift */; };
		ABF88D942AC0EDA1006B0459 /* RunTimeFormatter.swift in Sources */ = {isa = PBXBuildFile; fileRef = ABF88D922AC0EDA1006B0459 /* RunTimeFormatter.swift */; };
		ABF88D952AC0EDA1006B0459 /* CurrencyFormatter.swift in Sources */ = {isa = PBXBuildFile; fileRef = ABF88D932AC0EDA1006B0459 /* CurrencyFormatter.swift */; };
		ABF88D982AC0EDB7006B0459 /* Publisher+asResult.swift in Sources */ = {isa = PBXBuildFile; fileRef = ABF88D972AC0EDB7006B0459 /* Publisher+asResult.swift */; };
		ABF88D9B2AC0F00C006B0459 /* MovieDetailScreen.swift in Sources */ = {isa = PBXBuildFile; fileRef = ABF88D9A2AC0F00C006B0459 /* MovieDetailScreen.swift */; };
		ABF88D9D2AC0F06E006B0459 /* GalleryView.swift in Sources */ = {isa = PBXBuildFile; fileRef = ABF88D9C2AC0F06E006B0459 /* GalleryView.swift */; };
		ABF88D9F2AC0F078006B0459 /* VideosListView.swift in Sources */ = {isa = PBXBuildFile; fileRef = ABF88D9E2AC0F078006B0459 /* VideosListView.swift */; };
		ABF88DA22AC0F0B7006B0459 /* WebView.swift in Sources */ = {isa = PBXBuildFile; fileRef = ABF88DA12AC0F0B7006B0459 /* WebView.swift */; };
		ABF88DA42AC0F0F3006B0459 /* ExpandableText.swift in Sources */ = {isa = PBXBuildFile; fileRef = ABF88DA32AC0F0F3006B0459 /* ExpandableText.swift */; };
		ABF88DA72AC0F11F006B0459 /* MovieDetailHeaderView.swift in Sources */ = {isa = PBXBuildFile; fileRef = ABF88DA62AC0F11F006B0459 /* MovieDetailHeaderView.swift */; };
		ABF88DA92AC0F159006B0459 /* View+CornerRadius.swift in Sources */ = {isa = PBXBuildFile; fileRef = ABF88DA82AC0F159006B0459 /* View+CornerRadius.swift */; };
		ABF88DAB2AC0F166006B0459 /* RoundedCorner.swift in Sources */ = {isa = PBXBuildFile; fileRef = ABF88DAA2AC0F166006B0459 /* RoundedCorner.swift */; };
		ABF88DB42AC0FEB5006B0459 /* Colors.xcassets in Resources */ = {isa = PBXBuildFile; fileRef = ABF88DB32AC0FEB5006B0459 /* Colors.xcassets */; };
/* End PBXBuildFile section */

/* Begin PBXContainerItemProxy section */
		ABF88CDE2ABB7412006B0459 /* PBXContainerItemProxy */ = {
			isa = PBXContainerItemProxy;
			containerPortal = ABF88CC52ABB7411006B0459 /* Project object */;
			proxyType = 1;
			remoteGlobalIDString = ABF88CCC2ABB7411006B0459;
			remoteInfo = MoviesWiki;
		};
/* End PBXContainerItemProxy section */

/* Begin PBXFileReference section */
		ABF88CCD2ABB7411006B0459 /* MoviesWiki.app */ = {isa = PBXFileReference; explicitFileType = wrapper.application; includeInIndex = 0; path = MoviesWiki.app; sourceTree = BUILT_PRODUCTS_DIR; };
		ABF88CD02ABB7411006B0459 /* MoviesWikiApp.swift */ = {isa = PBXFileReference; lastKnownFileType = sourcecode.swift; path = MoviesWikiApp.swift; sourceTree = "<group>"; };
		ABF88CD42ABB7412006B0459 /* Assets.xcassets */ = {isa = PBXFileReference; lastKnownFileType = folder.assetcatalog; path = Assets.xcassets; sourceTree = "<group>"; };
		ABF88CD72ABB7412006B0459 /* Preview Assets.xcassets */ = {isa = PBXFileReference; lastKnownFileType = folder.assetcatalog; path = "Preview Assets.xcassets"; sourceTree = "<group>"; };
		ABF88CDD2ABB7412006B0459 /* MoviesWikiTests.xctest */ = {isa = PBXFileReference; explicitFileType = wrapper.cfbundle; includeInIndex = 0; path = MoviesWikiTests.xctest; sourceTree = BUILT_PRODUCTS_DIR; };
		ABF88CE12ABB7412006B0459 /* MoviesWikiTests.swift */ = {isa = PBXFileReference; lastKnownFileType = sourcecode.swift; path = MoviesWikiTests.swift; sourceTree = "<group>"; };
		ABF88CFB2ABB751D006B0459 /* RequestType.swift */ = {isa = PBXFileReference; lastKnownFileType = sourcecode.swift; path = RequestType.swift; sourceTree = "<group>"; };
		ABF88CFD2ABB7536006B0459 /* RequestError.swift */ = {isa = PBXFileReference; lastKnownFileType = sourcecode.swift; path = RequestError.swift; sourceTree = "<group>"; };
		ABF88CFF2ABB753F006B0459 /* HTTPMethod.swift */ = {isa = PBXFileReference; lastKnownFileType = sourcecode.swift; path = HTTPMethod.swift; sourceTree = "<group>"; };
		ABF88D012ABB754B006B0459 /* NetworkingProvider.swift */ = {isa = PBXFileReference; lastKnownFileType = sourcecode.swift; path = NetworkingProvider.swift; sourceTree = "<group>"; };
		ABF88D032ABB7554006B0459 /* ConcreteNetworkingProvider.swift */ = {isa = PBXFileReference; lastKnownFileType = sourcecode.swift; path = ConcreteNetworkingProvider.swift; sourceTree = "<group>"; };
		ABF88D062ABB7590006B0459 /* HTTPMethodTests.swift */ = {isa = PBXFileReference; lastKnownFileType = sourcecode.swift; path = HTTPMethodTests.swift; sourceTree = "<group>"; };
		ABF88D082ABB75A5006B0459 /* RequestErrorTests.swift */ = {isa = PBXFileReference; lastKnownFileType = sourcecode.swift; path = RequestErrorTests.swift; sourceTree = "<group>"; };
		ABF88D0B2ABB762D006B0459 /* Constants.swift */ = {isa = PBXFileReference; lastKnownFileType = sourcecode.swift; path = Constants.swift; sourceTree = "<group>"; };
		ABF88D4A2AC0D3B9006B0459 /* ErrorResponse.swift */ = {isa = PBXFileReference; lastKnownFileType = sourcecode.swift; path = ErrorResponse.swift; sourceTree = "<group>"; };
		ABF88D4F2AC0D55A006B0459 /* PopularMoviesRepository.swift */ = {isa = PBXFileReference; lastKnownFileType = sourcecode.swift; path = PopularMoviesRepository.swift; sourceTree = "<group>"; };
		ABF88D522AC0D5A9006B0459 /* MovieModel.swift */ = {isa = PBXFileReference; lastKnownFileType = sourcecode.swift; path = MovieModel.swift; sourceTree = "<group>"; };
		ABF88D542AC0D6D6006B0459 /* MoviePaginationModel.swift */ = {isa = PBXFileReference; lastKnownFileType = sourcecode.swift; path = MoviePaginationModel.swift; sourceTree = "<group>"; };
		ABF88D562AC0D720006B0459 /* ConcretePopularMoviesRepository.swift */ = {isa = PBXFileReference; lastKnownFileType = sourcecode.swift; path = ConcretePopularMoviesRepository.swift; sourceTree = "<group>"; };
		ABF88D592AC0D785006B0459 /* RequestAPIModel.swift */ = {isa = PBXFileReference; lastKnownFileType = sourcecode.swift; path = RequestAPIModel.swift; sourceTree = "<group>"; };
		ABF88D5B2AC0D7E8006B0459 /* RequestAPIModel+Movie.swift */ = {isa = PBXFileReference; lastKnownFileType = sourcecode.swift; path = "RequestAPIModel+Movie.swift"; sourceTree = "<group>"; };
		ABF88D5E2AC0D99B006B0459 /* PopularMoviesViewModel.swift */ = {isa = PBXFileReference; lastKnownFileType = sourcecode.swift; path = PopularMoviesViewModel.swift; sourceTree = "<group>"; };
		ABF88D612AC0DA47006B0459 /* PopularMoviesList.swift */ = {isa = PBXFileReference; fileEncoding = 4; lastKnownFileType = sourcecode.swift; path = PopularMoviesList.swift; sourceTree = "<group>"; };
		ABF88D622AC0DA47006B0459 /* PopularMoviesScreen.swift */ = {isa = PBXFileReference; fileEncoding = 4; lastKnownFileType = sourcecode.swift; path = PopularMoviesScreen.swift; sourceTree = "<group>"; };
		ABF88D632AC0DA47006B0459 /* PopularMovieRow.swift */ = {isa = PBXFileReference; fileEncoding = 4; lastKnownFileType = sourcecode.swift; path = PopularMovieRow.swift; sourceTree = "<group>"; };
		ABF88D682AC0DAF2006B0459 /* Helper+Models.swift */ = {isa = PBXFileReference; fileEncoding = 4; lastKnownFileType = sourcecode.swift; path = "Helper+Models.swift"; sourceTree = "<group>"; };
		ABF88D692AC0DAF2006B0459 /* Helper.swift */ = {isa = PBXFileReference; fileEncoding = 4; lastKnownFileType = sourcecode.swift; path = Helper.swift; sourceTree = "<group>"; };
		ABF88D6E2AC0DC3F006B0459 /* ProgressPieView.swift */ = {isa = PBXFileReference; lastKnownFileType = sourcecode.swift; path = ProgressPieView.swift; sourceTree = "<group>"; };
		ABF88D712AC0DCBD006B0459 /* ShadowModifier.swift */ = {isa = PBXFileReference; fileEncoding = 4; lastKnownFileType = sourcecode.swift; path = ShadowModifier.swift; sourceTree = "<group>"; };
		ABF88D762AC0EBDA006B0459 /* DetailImagesModel.swift */ = {isa = PBXFileReference; fileEncoding = 4; lastKnownFileType = sourcecode.swift; path = DetailImagesModel.swift; sourceTree = "<group>"; };
		ABF88D772AC0EBDA006B0459 /* MovieBackdropModel.swift */ = {isa = PBXFileReference; fileEncoding = 4; lastKnownFileType = sourcecode.swift; path = MovieBackdropModel.swift; sourceTree = "<group>"; };
		ABF88D782AC0EBDA006B0459 /* DetailVideosModel.swift */ = {isa = PBXFileReference; fileEncoding = 4; lastKnownFileType = sourcecode.swift; path = DetailVideosModel.swift; sourceTree = "<group>"; };
		ABF88D792AC0EBDA006B0459 /* DetailResultModel.swift */ = {isa = PBXFileReference; fileEncoding = 4; lastKnownFileType = sourcecode.swift; path = DetailResultModel.swift; sourceTree = "<group>"; };
		ABF88D7A2AC0EBDA006B0459 /* ProductionCompanyModel.swift */ = {isa = PBXFileReference; fileEncoding = 4; lastKnownFileType = sourcecode.swift; path = ProductionCompanyModel.swift; sourceTree = "<group>"; };
		ABF88D7B2AC0EBDA006B0459 /* SpokenLanguageModel.swift */ = {isa = PBXFileReference; fileEncoding = 4; lastKnownFileType = sourcecode.swift; path = SpokenLanguageModel.swift; sourceTree = "<group>"; };
		ABF88D7C2AC0EBDA006B0459 /* ProductionCountryModel.swift */ = {isa = PBXFileReference; fileEncoding = 4; lastKnownFileType = sourcecode.swift; path = ProductionCountryModel.swift; sourceTree = "<group>"; };
		ABF88D7D2AC0EBDA006B0459 /* MovieDetailModel.swift */ = {isa = PBXFileReference; fileEncoding = 4; lastKnownFileType = sourcecode.swift; path = MovieDetailModel.swift; sourceTree = "<group>"; };
		ABF88D7E2AC0EBDA006B0459 /* BelongsToCollectionModel.swift */ = {isa = PBXFileReference; fileEncoding = 4; lastKnownFileType = sourcecode.swift; path = BelongsToCollectionModel.swift; sourceTree = "<group>"; };
		ABF88D7F2AC0EBDA006B0459 /* GenreModel.swift */ = {isa = PBXFileReference; fileEncoding = 4; lastKnownFileType = sourcecode.swift; path = GenreModel.swift; sourceTree = "<group>"; };
		ABF88D8B2AC0EC08006B0459 /* ConcreteMovieDetailRepository.swift */ = {isa = PBXFileReference; fileEncoding = 4; lastKnownFileType = sourcecode.swift; path = ConcreteMovieDetailRepository.swift; sourceTree = "<group>"; };
		ABF88D8D2AC0EC5C006B0459 /* MovieDetailRepository.swift */ = {isa = PBXFileReference; lastKnownFileType = sourcecode.swift; path = MovieDetailRepository.swift; sourceTree = "<group>"; };
		ABF88D902AC0ED86006B0459 /* MovieDetailViewModel.swift */ = {isa = PBXFileReference; fileEncoding = 4; lastKnownFileType = sourcecode.swift; path = MovieDetailViewModel.swift; sourceTree = "<group>"; };
		ABF88D922AC0EDA1006B0459 /* RunTimeFormatter.swift */ = {isa = PBXFileReference; fileEncoding = 4; lastKnownFileType = sourcecode.swift; path = RunTimeFormatter.swift; sourceTree = "<group>"; };
		ABF88D932AC0EDA1006B0459 /* CurrencyFormatter.swift */ = {isa = PBXFileReference; fileEncoding = 4; lastKnownFileType = sourcecode.swift; path = CurrencyFormatter.swift; sourceTree = "<group>"; };
		ABF88D972AC0EDB7006B0459 /* Publisher+asResult.swift */ = {isa = PBXFileReference; fileEncoding = 4; lastKnownFileType = sourcecode.swift; path = "Publisher+asResult.swift"; sourceTree = "<group>"; };
		ABF88D9A2AC0F00C006B0459 /* MovieDetailScreen.swift */ = {isa = PBXFileReference; fileEncoding = 4; lastKnownFileType = sourcecode.swift; path = MovieDetailScreen.swift; sourceTree = "<group>"; };
		ABF88D9C2AC0F06E006B0459 /* GalleryView.swift */ = {isa = PBXFileReference; fileEncoding = 4; lastKnownFileType = sourcecode.swift; path = GalleryView.swift; sourceTree = "<group>"; };
		ABF88D9E2AC0F078006B0459 /* VideosListView.swift */ = {isa = PBXFileReference; fileEncoding = 4; lastKnownFileType = sourcecode.swift; path = VideosListView.swift; sourceTree = "<group>"; };
		ABF88DA12AC0F0B7006B0459 /* WebView.swift */ = {isa = PBXFileReference; fileEncoding = 4; lastKnownFileType = sourcecode.swift; path = WebView.swift; sourceTree = "<group>"; };
		ABF88DA32AC0F0F3006B0459 /* ExpandableText.swift */ = {isa = PBXFileReference; fileEncoding = 4; lastKnownFileType = sourcecode.swift; path = ExpandableText.swift; sourceTree = "<group>"; };
		ABF88DA62AC0F11F006B0459 /* MovieDetailHeaderView.swift */ = {isa = PBXFileReference; fileEncoding = 4; lastKnownFileType = sourcecode.swift; path = MovieDetailHeaderView.swift; sourceTree = "<group>"; };
		ABF88DA82AC0F159006B0459 /* View+CornerRadius.swift */ = {isa = PBXFileReference; fileEncoding = 4; lastKnownFileType = sourcecode.swift; path = "View+CornerRadius.swift"; sourceTree = "<group>"; };
		ABF88DAA2AC0F166006B0459 /* RoundedCorner.swift */ = {isa = PBXFileReference; fileEncoding = 4; lastKnownFileType = sourcecode.swift; path = RoundedCorner.swift; sourceTree = "<group>"; };
		ABF88DB32AC0FEB5006B0459 /* Colors.xcassets */ = {isa = PBXFileReference; lastKnownFileType = folder.assetcatalog; path = Colors.xcassets; sourceTree = "<group>"; };
/* End PBXFileReference section */

/* Begin PBXFrameworksBuildPhase section */
		ABF88CCA2ABB7411006B0459 /* Frameworks */ = {
			isa = PBXFrameworksBuildPhase;
			buildActionMask = 2147483647;
			files = (
			);
			runOnlyForDeploymentPostprocessing = 0;
		};
		ABF88CDA2ABB7412006B0459 /* Frameworks */ = {
			isa = PBXFrameworksBuildPhase;
			buildActionMask = 2147483647;
			files = (
			);
			runOnlyForDeploymentPostprocessing = 0;
		};
/* End PBXFrameworksBuildPhase section */

/* Begin PBXGroup section */
		ABF88CC42ABB7411006B0459 = {
			isa = PBXGroup;
			children = (
				ABF88CCF2ABB7411006B0459 /* MoviesWiki */,
				ABF88CE02ABB7412006B0459 /* MoviesWikiTests */,
				ABF88CCE2ABB7411006B0459 /* Products */,
			);
			sourceTree = "<group>";
		};
		ABF88CCE2ABB7411006B0459 /* Products */ = {
			isa = PBXGroup;
			children = (
				ABF88CCD2ABB7411006B0459 /* MoviesWiki.app */,
				ABF88CDD2ABB7412006B0459 /* MoviesWikiTests.xctest */,
			);
			name = Products;
			sourceTree = "<group>";
		};
		ABF88CCF2ABB7411006B0459 /* MoviesWiki */ = {
			isa = PBXGroup;
			children = (
				ABF88CD02ABB7411006B0459 /* MoviesWikiApp.swift */,
				ABF88D582AC0D768006B0459 /* API */,
				ABF88D4C2AC0D52B006B0459 /* Features */,
				ABF88CFA2ABB7500006B0459 /* Networking */,
				ABF88CD62ABB7412006B0459 /* Preview Content */,
				ABF88DB22AC0FEA1006B0459 /* Resources */,
				ABF88D6C2AC0DC1A006B0459 /* UI */,
				ABF88D0A2ABB761E006B0459 /* Utils */,
			);
			path = MoviesWiki;
			sourceTree = "<group>";
		};
		ABF88CD62ABB7412006B0459 /* Preview Content */ = {
			isa = PBXGroup;
			children = (
				ABF88CD72ABB7412006B0459 /* Preview Assets.xcassets */,
			);
			path = "Preview Content";
			sourceTree = "<group>";
		};
		ABF88CE02ABB7412006B0459 /* MoviesWikiTests */ = {
			isa = PBXGroup;
			children = (
				ABF88CE12ABB7412006B0459 /* MoviesWikiTests.swift */,
				ABF88D052ABB7585006B0459 /* Networking */,
			);
			path = MoviesWikiTests;
			sourceTree = "<group>";
		};
		ABF88CFA2ABB7500006B0459 /* Networking */ = {
			isa = PBXGroup;
			children = (
				ABF88D032ABB7554006B0459 /* ConcreteNetworkingProvider.swift */,
				ABF88D4A2AC0D3B9006B0459 /* ErrorResponse.swift */,
				ABF88CFF2ABB753F006B0459 /* HTTPMethod.swift */,
				ABF88D012ABB754B006B0459 /* NetworkingProvider.swift */,
				ABF88CFD2ABB7536006B0459 /* RequestError.swift */,
				ABF88CFB2ABB751D006B0459 /* RequestType.swift */,
			);
			path = Networking;
			sourceTree = "<group>";
		};
		ABF88D052ABB7585006B0459 /* Networking */ = {
			isa = PBXGroup;
			children = (
				ABF88D062ABB7590006B0459 /* HTTPMethodTests.swift */,
				ABF88D082ABB75A5006B0459 /* RequestErrorTests.swift */,
			);
			path = Networking;
			sourceTree = "<group>";
		};
		ABF88D0A2ABB761E006B0459 /* Utils */ = {
			isa = PBXGroup;
			children = (
				ABF88D0B2ABB762D006B0459 /* Constants.swift */,
				ABF88D932AC0EDA1006B0459 /* CurrencyFormatter.swift */,
				ABF88D922AC0EDA1006B0459 /* RunTimeFormatter.swift */,
				ABF88D962AC0EDB0006B0459 /* Extensions */,
				ABF88D672AC0DAE5006B0459 /* Helper */,
				ABF88D702AC0DCB3006B0459 /* Modifiers */,
			);
			path = Utils;
			sourceTree = "<group>";
		};
		ABF88D4C2AC0D52B006B0459 /* Features */ = {
			isa = PBXGroup;
			children = (
				ABF88D742AC0EBBB006B0459 /* Movie Detail Feature */,
				ABF88D4D2AC0D531006B0459 /* Popular Movies Feature */,
			);
			path = Features;
			sourceTree = "<group>";
		};
		ABF88D4D2AC0D531006B0459 /* Popular Movies Feature */ = {
			isa = PBXGroup;
			children = (
				ABF88D512AC0D583006B0459 /* Models */,
				ABF88D4E2AC0D552006B0459 /* Repositories */,
				ABF88D5D2AC0D993006B0459 /* ViewModels */,
				ABF88D602AC0DA38006B0459 /* Views */,
			);
			path = "Popular Movies Feature";
			sourceTree = "<group>";
		};
		ABF88D4E2AC0D552006B0459 /* Repositories */ = {
			isa = PBXGroup;
			children = (
				ABF88D4F2AC0D55A006B0459 /* PopularMoviesRepository.swift */,
				ABF88D562AC0D720006B0459 /* ConcretePopularMoviesRepository.swift */,
			);
			path = Repositories;
			sourceTree = "<group>";
		};
		ABF88D512AC0D583006B0459 /* Models */ = {
			isa = PBXGroup;
			children = (
				ABF88D522AC0D5A9006B0459 /* MovieModel.swift */,
				ABF88D542AC0D6D6006B0459 /* MoviePaginationModel.swift */,
			);
			path = Models;
			sourceTree = "<group>";
		};
		ABF88D582AC0D768006B0459 /* API */ = {
			isa = PBXGroup;
			children = (
				ABF88D592AC0D785006B0459 /* RequestAPIModel.swift */,
				ABF88D5B2AC0D7E8006B0459 /* RequestAPIModel+Movie.swift */,
			);
			path = API;
			sourceTree = "<group>";
		};
		ABF88D5D2AC0D993006B0459 /* ViewModels */ = {
			isa = PBXGroup;
			children = (
				ABF88D5E2AC0D99B006B0459 /* PopularMoviesViewModel.swift */,
			);
			path = ViewModels;
			sourceTree = "<group>";
		};
		ABF88D602AC0DA38006B0459 /* Views */ = {
			isa = PBXGroup;
			children = (
				ABF88D632AC0DA47006B0459 /* PopularMovieRow.swift */,
				ABF88D612AC0DA47006B0459 /* PopularMoviesList.swift */,
				ABF88D622AC0DA47006B0459 /* PopularMoviesScreen.swift */,
			);
			path = Views;
			sourceTree = "<group>";
		};
		ABF88D672AC0DAE5006B0459 /* Helper */ = {
			isa = PBXGroup;
			children = (
				ABF88D692AC0DAF2006B0459 /* Helper.swift */,
				ABF88D682AC0DAF2006B0459 /* Helper+Models.swift */,
			);
			path = Helper;
			sourceTree = "<group>";
		};
		ABF88D6C2AC0DC1A006B0459 /* UI */ = {
			isa = PBXGroup;
			children = (
				ABF88DA52AC0F0F5006B0459 /* ExpandableTextView */,
				ABF88D6D2AC0DC22006B0459 /* ProgressPieView */,
				ABF88DAC2AC0F16B006B0459 /* RoundedCorner */,
				ABF88DA02AC0F0AE006B0459 /* WebView */,
			);
			path = UI;
			sourceTree = "<group>";
		};
		ABF88D6D2AC0DC22006B0459 /* ProgressPieView */ = {
			isa = PBXGroup;
			children = (
				ABF88D6E2AC0DC3F006B0459 /* ProgressPieView.swift */,
			);
			path = ProgressPieView;
			sourceTree = "<group>";
		};
		ABF88D702AC0DCB3006B0459 /* Modifiers */ = {
			isa = PBXGroup;
			children = (
				ABF88D732AC0DCC1006B0459 /* ShadowModifier */,
			);
			path = Modifiers;
			sourceTree = "<group>";
		};
		ABF88D732AC0DCC1006B0459 /* ShadowModifier */ = {
			isa = PBXGroup;
			children = (
				ABF88D712AC0DCBD006B0459 /* ShadowModifier.swift */,
			);
			path = ShadowModifier;
			sourceTree = "<group>";
		};
		ABF88D742AC0EBBB006B0459 /* Movie Detail Feature */ = {
			isa = PBXGroup;
			children = (
				ABF88D752AC0EBC8006B0459 /* Models */,
				ABF88D8A2AC0EBFD006B0459 /* Repositories */,
				ABF88D8F2AC0ED7A006B0459 /* ViewModels */,
				ABF88D992AC0EFEE006B0459 /* Views */,
			);
			path = "Movie Detail Feature";
			sourceTree = "<group>";
		};
		ABF88D752AC0EBC8006B0459 /* Models */ = {
			isa = PBXGroup;
			children = (
				ABF88D7E2AC0EBDA006B0459 /* BelongsToCollectionModel.swift */,
				ABF88D762AC0EBDA006B0459 /* DetailImagesModel.swift */,
				ABF88D792AC0EBDA006B0459 /* DetailResultModel.swift */,
				ABF88D782AC0EBDA006B0459 /* DetailVideosModel.swift */,
				ABF88D7F2AC0EBDA006B0459 /* GenreModel.swift */,
				ABF88D772AC0EBDA006B0459 /* MovieBackdropModel.swift */,
				ABF88D7D2AC0EBDA006B0459 /* MovieDetailModel.swift */,
				ABF88D7A2AC0EBDA006B0459 /* ProductionCompanyModel.swift */,
				ABF88D7C2AC0EBDA006B0459 /* ProductionCountryModel.swift */,
				ABF88D7B2AC0EBDA006B0459 /* SpokenLanguageModel.swift */,
			);
			path = Models;
			sourceTree = "<group>";
		};
		ABF88D8A2AC0EBFD006B0459 /* Repositories */ = {
			isa = PBXGroup;
			children = (
				ABF88D8B2AC0EC08006B0459 /* ConcreteMovieDetailRepository.swift */,
				ABF88D8D2AC0EC5C006B0459 /* MovieDetailRepository.swift */,
			);
			path = Repositories;
			sourceTree = "<group>";
		};
		ABF88D8F2AC0ED7A006B0459 /* ViewModels */ = {
			isa = PBXGroup;
			children = (
				ABF88D902AC0ED86006B0459 /* MovieDetailViewModel.swift */,
			);
			path = ViewModels;
			sourceTree = "<group>";
		};
		ABF88D962AC0EDB0006B0459 /* Extensions */ = {
			isa = PBXGroup;
			children = (
				ABF88DA82AC0F159006B0459 /* View+CornerRadius.swift */,
				ABF88D972AC0EDB7006B0459 /* Publisher+asResult.swift */,
			);
			path = Extensions;
			sourceTree = "<group>";
		};
		ABF88D992AC0EFEE006B0459 /* Views */ = {
			isa = PBXGroup;
			children = (
				ABF88D9C2AC0F06E006B0459 /* GalleryView.swift */,
				ABF88DA62AC0F11F006B0459 /* MovieDetailHeaderView.swift */,
				ABF88D9A2AC0F00C006B0459 /* MovieDetailScreen.swift */,
				ABF88D9E2AC0F078006B0459 /* VideosListView.swift */,
			);
			path = Views;
			sourceTree = "<group>";
		};
		ABF88DA02AC0F0AE006B0459 /* WebView */ = {
			isa = PBXGroup;
			children = (
				ABF88DA12AC0F0B7006B0459 /* WebView.swift */,
			);
			path = WebView;
			sourceTree = "<group>";
		};
		ABF88DA52AC0F0F5006B0459 /* ExpandableTextView */ = {
			isa = PBXGroup;
			children = (
				ABF88DA32AC0F0F3006B0459 /* ExpandableText.swift */,
			);
			path = ExpandableTextView;
			sourceTree = "<group>";
		};
		ABF88DAC2AC0F16B006B0459 /* RoundedCorner */ = {
			isa = PBXGroup;
			children = (
				ABF88DAA2AC0F166006B0459 /* RoundedCorner.swift */,
			);
			path = RoundedCorner;
			sourceTree = "<group>";
		};
		ABF88DB22AC0FEA1006B0459 /* Resources */ = {
			isa = PBXGroup;
			children = (
				ABF88CD42ABB7412006B0459 /* Assets.xcassets */,
				ABF88DB32AC0FEB5006B0459 /* Colors.xcassets */,
			);
			path = Resources;
			sourceTree = "<group>";
		};
/* End PBXGroup section */

/* Begin PBXNativeTarget section */
		ABF88CCC2ABB7411006B0459 /* MoviesWiki */ = {
			isa = PBXNativeTarget;
			buildConfigurationList = ABF88CF12ABB7412006B0459 /* Build configuration list for PBXNativeTarget "MoviesWiki" */;
			buildPhases = (
				ABF88CC92ABB7411006B0459 /* Sources */,
				ABF88CCA2ABB7411006B0459 /* Frameworks */,
				ABF88CCB2ABB7411006B0459 /* Resources */,
			);
			buildRules = (
			);
			dependencies = (
			);
			name = MoviesWiki;
			productName = MoviesWiki;
			productReference = ABF88CCD2ABB7411006B0459 /* MoviesWiki.app */;
			productType = "com.apple.product-type.application";
		};
		ABF88CDC2ABB7412006B0459 /* MoviesWikiTests */ = {
			isa = PBXNativeTarget;
			buildConfigurationList = ABF88CF42ABB7412006B0459 /* Build configuration list for PBXNativeTarget "MoviesWikiTests" */;
			buildPhases = (
				ABF88CD92ABB7412006B0459 /* Sources */,
				ABF88CDA2ABB7412006B0459 /* Frameworks */,
				ABF88CDB2ABB7412006B0459 /* Resources */,
			);
			buildRules = (
			);
			dependencies = (
				ABF88CDF2ABB7412006B0459 /* PBXTargetDependency */,
			);
			name = MoviesWikiTests;
			productName = MoviesWikiTests;
			productReference = ABF88CDD2ABB7412006B0459 /* MoviesWikiTests.xctest */;
			productType = "com.apple.product-type.bundle.unit-test";
		};
/* End PBXNativeTarget section */

/* Begin PBXProject section */
		ABF88CC52ABB7411006B0459 /* Project object */ = {
			isa = PBXProject;
			attributes = {
				BuildIndependentTargetsInParallel = 1;
				LastSwiftUpdateCheck = 1430;
				LastUpgradeCheck = 1430;
				TargetAttributes = {
					ABF88CCC2ABB7411006B0459 = {
						CreatedOnToolsVersion = 14.3.1;
					};
					ABF88CDC2ABB7412006B0459 = {
						CreatedOnToolsVersion = 14.3.1;
						TestTargetID = ABF88CCC2ABB7411006B0459;
					};
				};
			};
			buildConfigurationList = ABF88CC82ABB7411006B0459 /* Build configuration list for PBXProject "MoviesWiki" */;
			compatibilityVersion = "Xcode 14.0";
			developmentRegion = en;
			hasScannedForEncodings = 0;
			knownRegions = (
				en,
				Base,
			);
			mainGroup = ABF88CC42ABB7411006B0459;
			productRefGroup = ABF88CCE2ABB7411006B0459 /* Products */;
			projectDirPath = "";
			projectRoot = "";
			targets = (
				ABF88CCC2ABB7411006B0459 /* MoviesWiki */,
				ABF88CDC2ABB7412006B0459 /* MoviesWikiTests */,
			);
		};
/* End PBXProject section */

/* Begin PBXResourcesBuildPhase section */
		ABF88CCB2ABB7411006B0459 /* Resources */ = {
			isa = PBXResourcesBuildPhase;
			buildActionMask = 2147483647;
			files = (
				ABF88DB42AC0FEB5006B0459 /* Colors.xcassets in Resources */,
				ABF88CD82ABB7412006B0459 /* Preview Assets.xcassets in Resources */,
				ABF88CD52ABB7412006B0459 /* Assets.xcassets in Resources */,
			);
			runOnlyForDeploymentPostprocessing = 0;
		};
		ABF88CDB2ABB7412006B0459 /* Resources */ = {
			isa = PBXResourcesBuildPhase;
			buildActionMask = 2147483647;
			files = (
			);
			runOnlyForDeploymentPostprocessing = 0;
		};
/* End PBXResourcesBuildPhase section */

/* Begin PBXSourcesBuildPhase section */
		ABF88CC92ABB7411006B0459 /* Sources */ = {
			isa = PBXSourcesBuildPhase;
			buildActionMask = 2147483647;
			files = (
				ABF88D642AC0DA47006B0459 /* PopularMoviesList.swift in Sources */,
				ABF88D532AC0D5A9006B0459 /* MovieModel.swift in Sources */,
				ABF88D812AC0EBDA006B0459 /* MovieBackdropModel.swift in Sources */,
				ABF88D5C2AC0D7E8006B0459 /* RequestAPIModel+Movie.swift in Sources */,
				ABF88D6F2AC0DC3F006B0459 /* ProgressPieView.swift in Sources */,
				ABF88DA42AC0F0F3006B0459 /* ExpandableText.swift in Sources */,
				ABF88D832AC0EBDA006B0459 /* DetailResultModel.swift in Sources */,
				ABF88D662AC0DA47006B0459 /* PopularMovieRow.swift in Sources */,
				ABF88D042ABB7554006B0459 /* ConcreteNetworkingProvider.swift in Sources */,
				ABF88DA72AC0F11F006B0459 /* MovieDetailHeaderView.swift in Sources */,
				ABF88D862AC0EBDA006B0459 /* ProductionCountryModel.swift in Sources */,
				ABF88D5A2AC0D785006B0459 /* RequestAPIModel.swift in Sources */,
				ABF88CFE2ABB7536006B0459 /* RequestError.swift in Sources */,
				ABF88D6B2AC0DAF2006B0459 /* Helper.swift in Sources */,
				ABF88D022ABB754B006B0459 /* NetworkingProvider.swift in Sources */,
				ABF88D892AC0EBDA006B0459 /* GenreModel.swift in Sources */,
				ABF88D6A2AC0DAF2006B0459 /* Helper+Models.swift in Sources */,
				ABF88D852AC0EBDA006B0459 /* SpokenLanguageModel.swift in Sources */,
				ABF88D9D2AC0F06E006B0459 /* GalleryView.swift in Sources */,
				ABF88D652AC0DA47006B0459 /* PopularMoviesScreen.swift in Sources */,
				ABF88D502AC0D55A006B0459 /* PopularMoviesRepository.swift in Sources */,
				ABF88D822AC0EBDA006B0459 /* DetailVideosModel.swift in Sources */,
				ABF88D982AC0EDB7006B0459 /* Publisher+asResult.swift in Sources */,
				ABF88CD12ABB7411006B0459 /* MoviesWikiApp.swift in Sources */,
				ABF88DA92AC0F159006B0459 /* View+CornerRadius.swift in Sources */,
				ABF88D872AC0EBDA006B0459 /* MovieDetailModel.swift in Sources */,
				ABF88D882AC0EBDA006B0459 /* BelongsToCollectionModel.swift in Sources */,
				ABF88D802AC0EBDA006B0459 /* DetailImagesModel.swift in Sources */,
				ABF88D842AC0EBDA006B0459 /* ProductionCompanyModel.swift in Sources */,
				ABF88D5F2AC0D99B006B0459 /* PopularMoviesViewModel.swift in Sources */,
				ABF88DAB2AC0F166006B0459 /* RoundedCorner.swift in Sources */,
				ABF88DA22AC0F0B7006B0459 /* WebView.swift in Sources */,
				ABF88D002ABB753F006B0459 /* HTTPMethod.swift in Sources */,
				ABF88D912AC0ED86006B0459 /* MovieDetailViewModel.swift in Sources */,
				ABF88D572AC0D720006B0459 /* ConcretePopularMoviesRepository.swift in Sources */,
				ABF88D8E2AC0EC5C006B0459 /* MovieDetailRepository.swift in Sources */,
				ABF88D552AC0D6D6006B0459 /* MoviePaginationModel.swift in Sources */,
				ABF88D722AC0DCBD006B0459 /* ShadowModifier.swift in Sources */,
				ABF88D4B2AC0D3B9006B0459 /* ErrorResponse.swift in Sources */,
				ABF88D8C2AC0EC08006B0459 /* ConcreteMovieDetailRepository.swift in Sources */,
				ABF88D952AC0EDA1006B0459 /* CurrencyFormatter.swift in Sources */,
				ABF88D942AC0EDA1006B0459 /* RunTimeFormatter.swift in Sources */,
				ABF88D9B2AC0F00C006B0459 /* MovieDetailScreen.swift in Sources */,
				ABF88D9F2AC0F078006B0459 /* VideosListView.swift in Sources */,
				ABF88CFC2ABB751D006B0459 /* RequestType.swift in Sources */,
				ABF88D0C2ABB762D006B0459 /* Constants.swift in Sources */,
			);
			runOnlyForDeploymentPostprocessing = 0;
		};
		ABF88CD92ABB7412006B0459 /* Sources */ = {
			isa = PBXSourcesBuildPhase;
			buildActionMask = 2147483647;
			files = (
				ABF88D072ABB7590006B0459 /* HTTPMethodTests.swift in Sources */,
				ABF88D092ABB75A5006B0459 /* RequestErrorTests.swift in Sources */,
				ABF88CE22ABB7412006B0459 /* MoviesWikiTests.swift in Sources */,
			);
			runOnlyForDeploymentPostprocessing = 0;
		};
/* End PBXSourcesBuildPhase section */

/* Begin PBXTargetDependency section */
		ABF88CDF2ABB7412006B0459 /* PBXTargetDependency */ = {
			isa = PBXTargetDependency;
			target = ABF88CCC2ABB7411006B0459 /* MoviesWiki */;
			targetProxy = ABF88CDE2ABB7412006B0459 /* PBXContainerItemProxy */;
		};
/* End PBXTargetDependency section */

/* Begin XCBuildConfiguration section */
		ABF88CEF2ABB7412006B0459 /* Debug */ = {
			isa = XCBuildConfiguration;
			buildSettings = {
				ALWAYS_SEARCH_USER_PATHS = NO;
				CLANG_ANALYZER_NONNULL = YES;
				CLANG_ANALYZER_NUMBER_OBJECT_CONVERSION = YES_AGGRESSIVE;
				CLANG_CXX_LANGUAGE_STANDARD = "gnu++20";
				CLANG_ENABLE_MODULES = YES;
				CLANG_ENABLE_OBJC_ARC = YES;
				CLANG_ENABLE_OBJC_WEAK = YES;
				CLANG_WARN_BLOCK_CAPTURE_AUTORELEASING = YES;
				CLANG_WARN_BOOL_CONVERSION = YES;
				CLANG_WARN_COMMA = YES;
				CLANG_WARN_CONSTANT_CONVERSION = YES;
				CLANG_WARN_DEPRECATED_OBJC_IMPLEMENTATIONS = YES;
				CLANG_WARN_DIRECT_OBJC_ISA_USAGE = YES_ERROR;
				CLANG_WARN_DOCUMENTATION_COMMENTS = YES;
				CLANG_WARN_EMPTY_BODY = YES;
				CLANG_WARN_ENUM_CONVERSION = YES;
				CLANG_WARN_INFINITE_RECURSION = YES;
				CLANG_WARN_INT_CONVERSION = YES;
				CLANG_WARN_NON_LITERAL_NULL_CONVERSION = YES;
				CLANG_WARN_OBJC_IMPLICIT_RETAIN_SELF = YES;
				CLANG_WARN_OBJC_LITERAL_CONVERSION = YES;
				CLANG_WARN_OBJC_ROOT_CLASS = YES_ERROR;
				CLANG_WARN_QUOTED_INCLUDE_IN_FRAMEWORK_HEADER = YES;
				CLANG_WARN_RANGE_LOOP_ANALYSIS = YES;
				CLANG_WARN_STRICT_PROTOTYPES = YES;
				CLANG_WARN_SUSPICIOUS_MOVE = YES;
				CLANG_WARN_UNGUARDED_AVAILABILITY = YES_AGGRESSIVE;
				CLANG_WARN_UNREACHABLE_CODE = YES;
				CLANG_WARN__DUPLICATE_METHOD_MATCH = YES;
				COPY_PHASE_STRIP = NO;
				DEBUG_INFORMATION_FORMAT = dwarf;
				ENABLE_STRICT_OBJC_MSGSEND = YES;
				ENABLE_TESTABILITY = YES;
				GCC_C_LANGUAGE_STANDARD = gnu11;
				GCC_DYNAMIC_NO_PIC = NO;
				GCC_NO_COMMON_BLOCKS = YES;
				GCC_OPTIMIZATION_LEVEL = 0;
				GCC_PREPROCESSOR_DEFINITIONS = (
					"DEBUG=1",
					"$(inherited)",
				);
				GCC_WARN_64_TO_32_BIT_CONVERSION = YES;
				GCC_WARN_ABOUT_RETURN_TYPE = YES_ERROR;
				GCC_WARN_UNDECLARED_SELECTOR = YES;
				GCC_WARN_UNINITIALIZED_AUTOS = YES_AGGRESSIVE;
				GCC_WARN_UNUSED_FUNCTION = YES;
				GCC_WARN_UNUSED_VARIABLE = YES;
				IPHONEOS_DEPLOYMENT_TARGET = 16.4;
				MTL_ENABLE_DEBUG_INFO = INCLUDE_SOURCE;
				MTL_FAST_MATH = YES;
				ONLY_ACTIVE_ARCH = YES;
				SDKROOT = iphoneos;
				SWIFT_ACTIVE_COMPILATION_CONDITIONS = DEBUG;
				SWIFT_OPTIMIZATION_LEVEL = "-Onone";
			};
			name = Debug;
		};
		ABF88CF02ABB7412006B0459 /* Release */ = {
			isa = XCBuildConfiguration;
			buildSettings = {
				ALWAYS_SEARCH_USER_PATHS = NO;
				CLANG_ANALYZER_NONNULL = YES;
				CLANG_ANALYZER_NUMBER_OBJECT_CONVERSION = YES_AGGRESSIVE;
				CLANG_CXX_LANGUAGE_STANDARD = "gnu++20";
				CLANG_ENABLE_MODULES = YES;
				CLANG_ENABLE_OBJC_ARC = YES;
				CLANG_ENABLE_OBJC_WEAK = YES;
				CLANG_WARN_BLOCK_CAPTURE_AUTORELEASING = YES;
				CLANG_WARN_BOOL_CONVERSION = YES;
				CLANG_WARN_COMMA = YES;
				CLANG_WARN_CONSTANT_CONVERSION = YES;
				CLANG_WARN_DEPRECATED_OBJC_IMPLEMENTATIONS = YES;
				CLANG_WARN_DIRECT_OBJC_ISA_USAGE = YES_ERROR;
				CLANG_WARN_DOCUMENTATION_COMMENTS = YES;
				CLANG_WARN_EMPTY_BODY = YES;
				CLANG_WARN_ENUM_CONVERSION = YES;
				CLANG_WARN_INFINITE_RECURSION = YES;
				CLANG_WARN_INT_CONVERSION = YES;
				CLANG_WARN_NON_LITERAL_NULL_CONVERSION = YES;
				CLANG_WARN_OBJC_IMPLICIT_RETAIN_SELF = YES;
				CLANG_WARN_OBJC_LITERAL_CONVERSION = YES;
				CLANG_WARN_OBJC_ROOT_CLASS = YES_ERROR;
				CLANG_WARN_QUOTED_INCLUDE_IN_FRAMEWORK_HEADER = YES;
				CLANG_WARN_RANGE_LOOP_ANALYSIS = YES;
				CLANG_WARN_STRICT_PROTOTYPES = YES;
				CLANG_WARN_SUSPICIOUS_MOVE = YES;
				CLANG_WARN_UNGUARDED_AVAILABILITY = YES_AGGRESSIVE;
				CLANG_WARN_UNREACHABLE_CODE = YES;
				CLANG_WARN__DUPLICATE_METHOD_MATCH = YES;
				COPY_PHASE_STRIP = NO;
				DEBUG_INFORMATION_FORMAT = "dwarf-with-dsym";
				ENABLE_NS_ASSERTIONS = NO;
				ENABLE_STRICT_OBJC_MSGSEND = YES;
				GCC_C_LANGUAGE_STANDARD = gnu11;
				GCC_NO_COMMON_BLOCKS = YES;
				GCC_WARN_64_TO_32_BIT_CONVERSION = YES;
				GCC_WARN_ABOUT_RETURN_TYPE = YES_ERROR;
				GCC_WARN_UNDECLARED_SELECTOR = YES;
				GCC_WARN_UNINITIALIZED_AUTOS = YES_AGGRESSIVE;
				GCC_WARN_UNUSED_FUNCTION = YES;
				GCC_WARN_UNUSED_VARIABLE = YES;
				IPHONEOS_DEPLOYMENT_TARGET = 16.4;
				MTL_ENABLE_DEBUG_INFO = NO;
				MTL_FAST_MATH = YES;
				SDKROOT = iphoneos;
				SWIFT_COMPILATION_MODE = wholemodule;
				SWIFT_OPTIMIZATION_LEVEL = "-O";
				VALIDATE_PRODUCT = YES;
			};
			name = Release;
		};
		ABF88CF22ABB7412006B0459 /* Debug */ = {
			isa = XCBuildConfiguration;
			buildSettings = {
				ASSETCATALOG_COMPILER_APPICON_NAME = AppIcon;
				ASSETCATALOG_COMPILER_GLOBAL_ACCENT_COLOR_NAME = AccentColor;
				CODE_SIGN_STYLE = Automatic;
				CURRENT_PROJECT_VERSION = 1;
				DEVELOPMENT_ASSET_PATHS = "\"MoviesWiki/Preview Content\"";
				DEVELOPMENT_TEAM = U2HHD8L7L2;
				ENABLE_PREVIEWS = YES;
				GENERATE_INFOPLIST_FILE = YES;
				INFOPLIST_KEY_UIApplicationSceneManifest_Generation = YES;
				INFOPLIST_KEY_UIApplicationSupportsIndirectInputEvents = YES;
				INFOPLIST_KEY_UILaunchScreen_Generation = YES;
				INFOPLIST_KEY_UISupportedInterfaceOrientations_iPad = "UIInterfaceOrientationPortrait UIInterfaceOrientationPortraitUpsideDown UIInterfaceOrientationLandscapeLeft UIInterfaceOrientationLandscapeRight";
				INFOPLIST_KEY_UISupportedInterfaceOrientations_iPhone = "UIInterfaceOrientationPortrait UIInterfaceOrientationLandscapeLeft UIInterfaceOrientationLandscapeRight";
				LD_RUNPATH_SEARCH_PATHS = (
					"$(inherited)",
					"@executable_path/Frameworks",
				);
				MARKETING_VERSION = 1.0;
				PRODUCT_BUNDLE_IDENTIFIER = co.gian.MoviesWiki;
				PRODUCT_NAME = "$(TARGET_NAME)";
				SWIFT_EMIT_LOC_STRINGS = YES;
				SWIFT_VERSION = 5.0;
				TARGETED_DEVICE_FAMILY = "1,2";
			};
			name = Debug;
		};
		ABF88CF32ABB7412006B0459 /* Release */ = {
			isa = XCBuildConfiguration;
			buildSettings = {
				ASSETCATALOG_COMPILER_APPICON_NAME = AppIcon;
				ASSETCATALOG_COMPILER_GLOBAL_ACCENT_COLOR_NAME = AccentColor;
				CODE_SIGN_STYLE = Automatic;
				CURRENT_PROJECT_VERSION = 1;
				DEVELOPMENT_ASSET_PATHS = "\"MoviesWiki/Preview Content\"";
				DEVELOPMENT_TEAM = U2HHD8L7L2;
				ENABLE_PREVIEWS = YES;
				GENERATE_INFOPLIST_FILE = YES;
				INFOPLIST_KEY_UIApplicationSceneManifest_Generation = YES;
				INFOPLIST_KEY_UIApplicationSupportsIndirectInputEvents = YES;
				INFOPLIST_KEY_UILaunchScreen_Generation = YES;
				INFOPLIST_KEY_UISupportedInterfaceOrientations_iPad = "UIInterfaceOrientationPortrait UIInterfaceOrientationPortraitUpsideDown UIInterfaceOrientationLandscapeLeft UIInterfaceOrientationLandscapeRight";
				INFOPLIST_KEY_UISupportedInterfaceOrientations_iPhone = "UIInterfaceOrientationPortrait UIInterfaceOrientationLandscapeLeft UIInterfaceOrientationLandscapeRight";
				LD_RUNPATH_SEARCH_PATHS = (
					"$(inherited)",
					"@executable_path/Frameworks",
				);
				MARKETING_VERSION = 1.0;
				PRODUCT_BUNDLE_IDENTIFIER = co.gian.MoviesWiki;
				PRODUCT_NAME = "$(TARGET_NAME)";
				SWIFT_EMIT_LOC_STRINGS = YES;
				SWIFT_VERSION = 5.0;
				TARGETED_DEVICE_FAMILY = "1,2";
			};
			name = Release;
		};
		ABF88CF52ABB7412006B0459 /* Debug */ = {
			isa = XCBuildConfiguration;
			buildSettings = {
				ALWAYS_EMBED_SWIFT_STANDARD_LIBRARIES = YES;
				BUNDLE_LOADER = "$(TEST_HOST)";
				CODE_SIGN_STYLE = Automatic;
				CURRENT_PROJECT_VERSION = 1;
				DEVELOPMENT_TEAM = U2HHD8L7L2;
				GENERATE_INFOPLIST_FILE = YES;
				IPHONEOS_DEPLOYMENT_TARGET = 16.4;
				MARKETING_VERSION = 1.0;
				PRODUCT_BUNDLE_IDENTIFIER = co.gian.MoviesWikiTests;
				PRODUCT_NAME = "$(TARGET_NAME)";
				SWIFT_EMIT_LOC_STRINGS = NO;
				SWIFT_VERSION = 5.0;
				TARGETED_DEVICE_FAMILY = "1,2";
				TEST_HOST = "$(BUILT_PRODUCTS_DIR)/MoviesWiki.app/$(BUNDLE_EXECUTABLE_FOLDER_PATH)/MoviesWiki";
			};
			name = Debug;
		};
		ABF88CF62ABB7412006B0459 /* Release */ = {
			isa = XCBuildConfiguration;
			buildSettings = {
				ALWAYS_EMBED_SWIFT_STANDARD_LIBRARIES = YES;
				BUNDLE_LOADER = "$(TEST_HOST)";
				CODE_SIGN_STYLE = Automatic;
				CURRENT_PROJECT_VERSION = 1;
				DEVELOPMENT_TEAM = U2HHD8L7L2;
				GENERATE_INFOPLIST_FILE = YES;
				IPHONEOS_DEPLOYMENT_TARGET = 16.4;
				MARKETING_VERSION = 1.0;
				PRODUCT_BUNDLE_IDENTIFIER = co.gian.MoviesWikiTests;
				PRODUCT_NAME = "$(TARGET_NAME)";
				SWIFT_EMIT_LOC_STRINGS = NO;
				SWIFT_VERSION = 5.0;
				TARGETED_DEVICE_FAMILY = "1,2";
				TEST_HOST = "$(BUILT_PRODUCTS_DIR)/MoviesWiki.app/$(BUNDLE_EXECUTABLE_FOLDER_PATH)/MoviesWiki";
			};
			name = Release;
		};
/* End XCBuildConfiguration section */

/* Begin XCConfigurationList section */
		ABF88CC82ABB7411006B0459 /* Build configuration list for PBXProject "MoviesWiki" */ = {
			isa = XCConfigurationList;
			buildConfigurations = (
				ABF88CEF2ABB7412006B0459 /* Debug */,
				ABF88CF02ABB7412006B0459 /* Release */,
			);
			defaultConfigurationIsVisible = 0;
			defaultConfigurationName = Release;
		};
		ABF88CF12ABB7412006B0459 /* Build configuration list for PBXNativeTarget "MoviesWiki" */ = {
			isa = XCConfigurationList;
			buildConfigurations = (
				ABF88CF22ABB7412006B0459 /* Debug */,
				ABF88CF32ABB7412006B0459 /* Release */,
			);
			defaultConfigurationIsVisible = 0;
			defaultConfigurationName = Release;
		};
		ABF88CF42ABB7412006B0459 /* Build configuration list for PBXNativeTarget "MoviesWikiTests" */ = {
			isa = XCConfigurationList;
			buildConfigurations = (
				ABF88CF52ABB7412006B0459 /* Debug */,
				ABF88CF62ABB7412006B0459 /* Release */,
			);
			defaultConfigurationIsVisible = 0;
			defaultConfigurationName = Release;
		};
/* End XCConfigurationList section */
	};
	rootObject = ABF88CC52ABB7411006B0459 /* Project object */;
}
